Microsoft Visual Studio Solution File, Format Version 12.00
# Visual Studio Version 17
VisualStudioVersion = 17.5.2.0
MinimumVisualStudioVersion = 10.0.40219.1
Project("{FAE04EC0-301F-11D3-BF4B-00C04F79EFBC}") = "ACBrLib.MDFe", "ACBrLib.MDFe.csproj", "{15087CDD-2227-3C9B-8C62-914FADEC3961}"
EndProject
Global
	GlobalSection(SolutionConfigurationPlatforms) = preSolution
		Debug|Any CPU = Debug|Any CPU
		Release|Any CPU = Release|Any CPU
	EndGlobalSection
	GlobalSection(ProjectConfigurationPlatforms) = postSolution
		{15087CDD-2227-3C9B-8C62-914FADEC3961}.Debug|Any CPU.ActiveCfg = Debug|Any CPU
		{15087CDD-2227-3C9B-8C62-914FADEC3961}.Debug|Any CPU.Build.0 = Debug|Any CPU
		{15087CDD-2227-3C9B-8C62-914FADEC3961}.Release|Any CPU.ActiveCfg = Release|Any CPU
		{15087CDD-2227-3C9B-8C62-914FADEC3961}.Release|Any CPU.Build.0 = Release|Any CPU
	EndGlobalSection
	GlobalSection(SolutionProperties) = preSolution
		HideSolutionNode = FALSE
	EndGlobalSection
	GlobalSection(ExtensibilityGlobals) = postSolution
		SolutionGuid = {635D41FB-D9C3-450F-815C-14B9B595BBA1}
	EndGlobalSection
EndGlobal
