Microsoft Visual Studio Solution File, Format Version 12.00
# Visual Studio Version 17
VisualStudioVersion = 17.5.2.0
MinimumVisualStudioVersion = 10.0.40219.1
Project("{FAE04EC0-301F-11D3-BF4B-00C04F79EFBC}") = "ACBrLib.PosPrinterMT", "ACBrLib.PosPrinterMT.csproj", "{366A2B53-0934-29D7-3912-F203C32F9D77}"
EndProject
Global
	GlobalSection(SolutionConfigurationPlatforms) = preSolution
		Debug|Any CPU = Debug|Any CPU
		Release|Any CPU = Release|Any CPU
	EndGlobalSection
	GlobalSection(ProjectConfigurationPlatforms) = postSolution
		{366A2B53-0934-29D7-3912-F203C32F9D77}.Debug|Any CPU.ActiveCfg = Debug|Any CPU
		{366A2B53-0934-29D7-3912-F203C32F9D77}.Debug|Any CPU.Build.0 = Debug|Any CPU
		{366A2B53-0934-29D7-3912-F203C32F9D77}.Release|Any CPU.ActiveCfg = Release|Any CPU
		{366A2B53-0934-29D7-3912-F203C32F9D77}.Release|Any CPU.Build.0 = Release|Any CPU
	EndGlobalSection
	GlobalSection(SolutionProperties) = preSolution
		HideSolutionNode = FALSE
	EndGlobalSection
	GlobalSection(ExtensibilityGlobals) = postSolution
		SolutionGuid = {0880BF9B-5AB8-4C72-813D-C288556271AE}
	EndGlobalSection
EndGlobal
