Microsoft Visual Studio Solution File, Format Version 12.00
# Visual Studio Version 17
VisualStudioVersion = 17.5.2.0
MinimumVisualStudioVersion = 10.0.40219.1
Project("{FAE04EC0-301F-11D3-BF4B-00C04F79EFBC}") = "ACBrLib.NFeMT", "ACBrLib.NFeMT.csproj", "{6A4F3AB9-1CC6-47CD-981D-B05F3A6E3593}"
EndProject
Global
	GlobalSection(SolutionConfigurationPlatforms) = preSolution
		Debug|Any CPU = Debug|Any CPU
		Release|Any CPU = Release|Any CPU
	EndGlobalSection
	GlobalSection(ProjectConfigurationPlatforms) = postSolution
		{6A4F3AB9-1CC6-47CD-981D-B05F3A6E3593}.Debug|Any CPU.ActiveCfg = Debug|Any CPU
		{6A4F3AB9-1CC6-47CD-981D-B05F3A6E3593}.Debug|Any CPU.Build.0 = Debug|Any CPU
		{6A4F3AB9-1CC6-47CD-981D-B05F3A6E3593}.Release|Any CPU.ActiveCfg = Release|Any CPU
		{6A4F3AB9-1CC6-47CD-981D-B05F3A6E3593}.Release|Any CPU.Build.0 = Release|Any CPU
	EndGlobalSection
	GlobalSection(SolutionProperties) = preSolution
		HideSolutionNode = FALSE
	EndGlobalSection
	GlobalSection(ExtensibilityGlobals) = postSolution
		SolutionGuid = {ED927D35-C000-41DB-B43F-7E30648610D8}
	EndGlobalSection
EndGlobal
