Microsoft Visual Studio Solution File, Format Version 12.00
# Visual Studio Version 17
VisualStudioVersion = 17.5.2.0
MinimumVisualStudioVersion = 10.0.40219.1
Project("{FAE04EC0-301F-11D3-BF4B-00C04F79EFBC}") = "ACBrLib.MDFeMT", "ACBrLib.MDFeMT.csproj", "{87B29541-9924-7942-7755-425A72DDDA4A}"
EndProject
Global
	GlobalSection(SolutionConfigurationPlatforms) = preSolution
		Debug|Any CPU = Debug|Any CPU
		Release|Any CPU = Release|Any CPU
	EndGlobalSection
	GlobalSection(ProjectConfigurationPlatforms) = postSolution
		{87B29541-9924-7942-7755-425A72DDDA4A}.Debug|Any CPU.ActiveCfg = Debug|Any CPU
		{87B29541-9924-7942-7755-425A72DDDA4A}.Debug|Any CPU.Build.0 = Debug|Any CPU
		{87B29541-9924-7942-7755-425A72DDDA4A}.Release|Any CPU.ActiveCfg = Release|Any CPU
		{87B29541-9924-7942-7755-425A72DDDA4A}.Release|Any CPU.Build.0 = Release|Any CPU
	EndGlobalSection
	GlobalSection(SolutionProperties) = preSolution
		HideSolutionNode = FALSE
	EndGlobalSection
	GlobalSection(ExtensibilityGlobals) = postSolution
		SolutionGuid = {6FFC1AB4-3FC1-4E4E-8858-396AD662ADC2}
	EndGlobalSection
EndGlobal
