Microsoft Visual Studio Solution File, Format Version 12.00
# Visual Studio Version 17
VisualStudioVersion = 17.5.2.0
MinimumVisualStudioVersion = 10.0.40219.1
Project("{FAE04EC0-301F-11D3-BF4B-00C04F79EFBC}") = "ACBrLib.CTeMT", "ACBrLib.CTeMT.csproj", "{91D3E724-CDCF-B3AD-7BC2-875EE9A52E55}"
EndProject
Global
	GlobalSection(SolutionConfigurationPlatforms) = preSolution
		Debug|Any CPU = Debug|Any CPU
		Release|Any CPU = Release|Any CPU
	EndGlobalSection
	GlobalSection(ProjectConfigurationPlatforms) = postSolution
		{91D3E724-CDCF-B3AD-7BC2-875EE9A52E55}.Debug|Any CPU.ActiveCfg = Debug|Any CPU
		{91D3E724-CDCF-B3AD-7BC2-875EE9A52E55}.Debug|Any CPU.Build.0 = Debug|Any CPU
		{91D3E724-CDCF-B3AD-7BC2-875EE9A52E55}.Release|Any CPU.ActiveCfg = Release|Any CPU
		{91D3E724-CDCF-B3AD-7BC2-875EE9A52E55}.Release|Any CPU.Build.0 = Release|Any CPU
	EndGlobalSection
	GlobalSection(SolutionProperties) = preSolution
		HideSolutionNode = FALSE
	EndGlobalSection
	GlobalSection(ExtensibilityGlobals) = postSolution
		SolutionGuid = {B70A3587-BFAD-4E70-BB06-749F911CAC9D}
	EndGlobalSection
EndGlobal
