Microsoft Visual Studio Solution File, Format Version 12.00
# Visual Studio Version 17
VisualStudioVersion = 17.5.2.0
MinimumVisualStudioVersion = 10.0.40219.1
Project("{FAE04EC0-301F-11D3-BF4B-00C04F79EFBC}") = "ACBrLib.NFSeMT", "ACBrLib.NFSeMT.csproj", "{B76BE58E-7CFD-5C9D-2616-41389261DF37}"
EndProject
Global
	GlobalSection(SolutionConfigurationPlatforms) = preSolution
		Debug|Any CPU = Debug|Any CPU
		Release|Any CPU = Release|Any CPU
	EndGlobalSection
	GlobalSection(ProjectConfigurationPlatforms) = postSolution
		{B76BE58E-7CFD-5C9D-2616-41389261DF37}.Debug|Any CPU.ActiveCfg = Debug|Any CPU
		{B76BE58E-7CFD-5C9D-2616-41389261DF37}.Debug|Any CPU.Build.0 = Debug|Any CPU
		{B76BE58E-7CFD-5C9D-2616-41389261DF37}.Release|Any CPU.ActiveCfg = Release|Any CPU
		{B76BE58E-7CFD-5C9D-2616-41389261DF37}.Release|Any CPU.Build.0 = Release|Any CPU
	EndGlobalSection
	GlobalSection(SolutionProperties) = preSolution
		HideSolutionNode = FALSE
	EndGlobalSection
	GlobalSection(ExtensibilityGlobals) = postSolution
		SolutionGuid = {67B716A7-8266-4127-9F17-EABEA5C56D1F}
	EndGlobalSection
EndGlobal
