Microsoft Visual Studio Solution File, Format Version 12.00
# Visual Studio Version 17
VisualStudioVersion = 17.5.2.0
MinimumVisualStudioVersion = 10.0.40219.1
Project("{FAE04EC0-301F-11D3-BF4B-00C04F79EFBC}") = "ACBrLib.PosPrinter", "ACBrLib.PosPrinter.csproj", "{1013F93C-3ACB-A10B-11FF-260431B621F0}"
EndProject
Global
	GlobalSection(SolutionConfigurationPlatforms) = preSolution
		Debug|Any CPU = Debug|Any CPU
		Release|Any CPU = Release|Any CPU
	EndGlobalSection
	GlobalSection(ProjectConfigurationPlatforms) = postSolution
		{1013F93C-3ACB-A10B-11FF-260431B621F0}.Debug|Any CPU.ActiveCfg = Debug|Any CPU
		{1013F93C-3ACB-A10B-11FF-260431B621F0}.Debug|Any CPU.Build.0 = Debug|Any CPU
		{1013F93C-3ACB-A10B-11FF-260431B621F0}.Release|Any CPU.ActiveCfg = Release|Any CPU
		{1013F93C-3ACB-A10B-11FF-260431B621F0}.Release|Any CPU.Build.0 = Release|Any CPU
	EndGlobalSection
	GlobalSection(SolutionProperties) = preSolution
		HideSolutionNode = FALSE
	EndGlobalSection
	GlobalSection(ExtensibilityGlobals) = postSolution
		SolutionGuid = {84CFA7E0-533F-42EC-A339-35FA513F2DF6}
	EndGlobalSection
EndGlobal
