Microsoft Visual Studio Solution File, Format Version 12.00
# Visual Studio Version 17
VisualStudioVersion = 17.5.2.0
MinimumVisualStudioVersion = 10.0.40219.1
Project("{FAE04EC0-301F-11D3-BF4B-00C04F79EFBC}") = "ACBrLib.CTe.Demo", "ACBrLib.CTe.Demo.csproj", "{D1C86B1A-F07B-4A36-A077-729396AC5AD8}"
EndProject
Project("{FAE04EC0-301F-11D3-BF4B-00C04F79EFBC}") = "ACBrLib.CTe.DemoMT", "ACBrLib.CTe.DemoMT.csproj", "{7F833A76-946A-2088-3872-CD3382906C92}"
EndProject
Global
	GlobalSection(SolutionConfigurationPlatforms) = preSolution
		Debug|Any CPU = Debug|Any CPU
		Release|Any CPU = Release|Any CPU
	EndGlobalSection
	GlobalSection(ProjectConfigurationPlatforms) = postSolution
		{D1C86B1A-F07B-4A36-A077-729396AC5AD8}.Debug|Any CPU.ActiveCfg = Debug|Any CPU
		{D1C86B1A-F07B-4A36-A077-729396AC5AD8}.Debug|Any CPU.Build.0 = Debug|Any CPU
		{D1C86B1A-F07B-4A36-A077-729396AC5AD8}.Release|Any CPU.ActiveCfg = Release|Any CPU
		{D1C86B1A-F07B-4A36-A077-729396AC5AD8}.Release|Any CPU.Build.0 = Release|Any CPU
		{7F833A76-946A-2088-3872-CD3382906C92}.Debug|Any CPU.ActiveCfg = Debug|Any CPU
		{7F833A76-946A-2088-3872-CD3382906C92}.Debug|Any CPU.Build.0 = Debug|Any CPU
		{7F833A76-946A-2088-3872-CD3382906C92}.Release|Any CPU.ActiveCfg = Release|Any CPU
		{7F833A76-946A-2088-3872-CD3382906C92}.Release|Any CPU.Build.0 = Release|Any CPU
	EndGlobalSection
	GlobalSection(SolutionProperties) = preSolution
		HideSolutionNode = FALSE
	EndGlobalSection
	GlobalSection(ExtensibilityGlobals) = postSolution
		SolutionGuid = {16D0B28E-6D88-4086-B5E3-67E49C5F74EC}
	EndGlobalSection
EndGlobal
